// !$*UTF8*$!
{
	archiveVersion = 1;
	classes = {
	};
	objectVersion = 50;
	objects = {

/* Begin PBXBuildFile section */
		1624FB93222F0C010015B722 /* LeagueVC.swift in Sources */ = {isa = PBXBuildFile; fileRef = 1624FB92222F0C010015B722 /* LeagueVC.swift */; };
		1624FB95222F0C180015B722 /* SkillVC.swift in Sources */ = {isa = PBXBuildFile; fileRef = 1624FB94222F0C180015B722 /* SkillVC.swift */; };
		162632B522276B6E00CCC815 /* AppDelegate.swift in Sources */ = {isa = PBXBuildFile; fileRef = 162632B422276B6E00CCC815 /* AppDelegate.swift */; };
		162632B722276B6E00CCC815 /* WelcomeVC.swift in Sources */ = {isa = PBXBuildFile; fileRef = 162632B622276B6E00CCC815 /* WelcomeVC.swift */; };
		162632BA22276B6E00CCC815 /* Main.storyboard in Resources */ = {isa = PBXBuildFile; fileRef = 162632B822276B6E00CCC815 /* Main.storyboard */; };
		162632BC22276B7000CCC815 /* Assets.xcassets in Resources */ = {isa = PBXBuildFile; fileRef = 162632BB22276B7000CCC815 /* Assets.xcassets */; };
		162632BF22276B7000CCC815 /* LaunchScreen.storyboard in Resources */ = {isa = PBXBuildFile; fileRef = 162632BD22276B7000CCC815 /* LaunchScreen.storyboard */; };
		162632C82227704800CCC815 /* BorderButton.swift in Sources */ = {isa = PBXBuildFile; fileRef = 162632C72227704800CCC815 /* BorderButton.swift */; };
		16C0467E2230A2BA00D753B0 /* Player.swift in Sources */ = {isa = PBXBuildFile; fileRef = 16C0467D2230A2BA00D753B0 /* Player.swift */; };
/* End PBXBuildFile section */

/* Begin PBXFileReference section */
		1624FB92222F0C010015B722 /* LeagueVC.swift */ = {isa = PBXFileReference; lastKnownFileType = sourcecode.swift; path = LeagueVC.swift; sourceTree = "<group>"; };
		1624FB94222F0C180015B722 /* SkillVC.swift */ = {isa = PBXFileReference; lastKnownFileType = sourcecode.swift; path = SkillVC.swift; sourceTree = "<group>"; };
		162632B122276B6E00CCC815 /* app-swoosh.app */ = {isa = PBXFileReference; explicitFileType = wrapper.application; includeInIndex = 0; path = "app-swoosh.app"; sourceTree = BUILT_PRODUCTS_DIR; };
		162632B422276B6E00CCC815 /* AppDelegate.swift */ = {isa = PBXFileReference; lastKnownFileType = sourcecode.swift; path = AppDelegate.swift; sourceTree = "<group>"; };
		162632B622276B6E00CCC815 /* WelcomeVC.swift */ = {isa = PBXFileReference; lastKnownFileType = sourcecode.swift; path = WelcomeVC.swift; sourceTree = "<group>"; };
		162632B922276B6E00CCC815 /* Base */ = {isa = PBXFileReference; lastKnownFileType = file.storyboard; name = Base; path = Base.lproj/Main.storyboard; sourceTree = "<group>"; };
		162632BB22276B7000CCC815 /* Assets.xcassets */ = {isa = PBXFileReference; lastKnownFileType = folder.assetcatalog; path = Assets.xcassets; sourceTree = "<group>"; };
		162632BE22276B7000CCC815 /* Base */ = {isa = PBXFileReference; lastKnownFileType = file.storyboard; name = Base; path = Base.lproj/LaunchScreen.storyboard; sourceTree = "<group>"; };
		162632C022276B7000CCC815 /* Info.plist */ = {isa = PBXFileReference; lastKnownFileType = text.plist.xml; path = Info.plist; sourceTree = "<group>"; };
		162632C72227704800CCC815 /* BorderButton.swift */ = {isa = PBXFileReference; lastKnownFileType = sourcecode.swift; path = BorderButton.swift; sourceTree = "<group>"; };
		16C0467D2230A2BA00D753B0 /* Player.swift */ = {isa = PBXFileReference; lastKnownFileType = sourcecode.swift; path = Player.swift; sourceTree = "<group>"; };
/* End PBXFileReference section */

/* Begin PBXFrameworksBuildPhase section */
		162632AE22276B6E00CCC815 /* Frameworks */ = {
			isa = PBXFrameworksBuildPhase;
			buildActionMask = 2147483647;
			files = (
			);
			runOnlyForDeploymentPostprocessing = 0;
		};
/* End PBXFrameworksBuildPhase section */

/* Begin PBXGroup section */
		1624FB90222F0B390015B722 /* Controller */ = {
			isa = PBXGroup;
			children = (
				162632B622276B6E00CCC815 /* WelcomeVC.swift */,
				1624FB92222F0C010015B722 /* LeagueVC.swift */,
				1624FB94222F0C180015B722 /* SkillVC.swift */,
			);
			path = Controller;
			sourceTree = "<group>";
		};
		1624FB91222F0B430015B722 /* Model */ = {
			isa = PBXGroup;
			children = (
				16C0467D2230A2BA00D753B0 /* Player.swift */,
			);
			path = Model;
			sourceTree = "<group>";
		};
		162632A822276B6E00CCC815 = {
			isa = PBXGroup;
			children = (
				162632B322276B6E00CCC815 /* app-swoosh */,
				162632B222276B6E00CCC815 /* Products */,
			);
			sourceTree = "<group>";
		};
		162632B222276B6E00CCC815 /* Products */ = {
			isa = PBXGroup;
			children = (
				162632B122276B6E00CCC815 /* app-swoosh.app */,
			);
			name = Products;
			sourceTree = "<group>";
		};
		162632B322276B6E00CCC815 /* app-swoosh */ = {
			isa = PBXGroup;
			children = (
				1624FB91222F0B430015B722 /* Model */,
				1624FB90222F0B390015B722 /* Controller */,
				162632C622276FF700CCC815 /* View */,
				162632B422276B6E00CCC815 /* AppDelegate.swift */,
				162632B822276B6E00CCC815 /* Main.storyboard */,
				162632BB22276B7000CCC815 /* Assets.xcassets */,
				162632BD22276B7000CCC815 /* LaunchScreen.storyboard */,
				162632C022276B7000CCC815 /* Info.plist */,
			);
			path = "app-swoosh";
			sourceTree = "<group>";
		};
		162632C622276FF700CCC815 /* View */ = {
			isa = PBXGroup;
			children = (
				162632C72227704800CCC815 /* BorderButton.swift */,
			);
			path = View;
			sourceTree = "<group>";
		};
/* End PBXGroup section */

/* Begin PBXNativeTarget section */
		162632B022276B6E00CCC815 /* app-swoosh */ = {
			isa = PBXNativeTarget;
			buildConfigurationList = 162632C322276B7000CCC815 /* Build configuration list for PBXNativeTarget "app-swoosh" */;
			buildPhases = (
				162632AD22276B6E00CCC815 /* Sources */,
				162632AE22276B6E00CCC815 /* Frameworks */,
				162632AF22276B6E00CCC815 /* Resources */,
			);
			buildRules = (
			);
			dependencies = (
			);
			name = "app-swoosh";
			productName = "app-swoosh";
			productReference = 162632B122276B6E00CCC815 /* app-swoosh.app */;
			productType = "com.apple.product-type.application";
		};
/* End PBXNativeTarget section */

/* Begin PBXProject section */
		162632A922276B6E00CCC815 /* Project object */ = {
			isa = PBXProject;
			attributes = {
				LastSwiftUpdateCheck = 0930;
				LastUpgradeCheck = 0930;
				ORGANIZATIONNAME = Equalocalize;
				TargetAttributes = {
					162632B022276B6E00CCC815 = {
						CreatedOnToolsVersion = 9.3;
					};
				};
			};
			buildConfigurationList = 162632AC22276B6E00CCC815 /* Build configuration list for PBXProject "app-swoosh" */;
			compatibilityVersion = "Xcode 9.3";
			developmentRegion = en;
			hasScannedForEncodings = 0;
			knownRegions = (
				en,
				Base,
			);
			mainGroup = 162632A822276B6E00CCC815;
			productRefGroup = 162632B222276B6E00CCC815 /* Products */;
			projectDirPath = "";
			projectRoot = "";
			targets = (
				162632B022276B6E00CCC815 /* app-swoosh */,
			);
		};
/* End PBXProject section */

/* Begin PBXResourcesBuildPhase section */
		162632AF22276B6E00CCC815 /* Resources */ = {
			isa = PBXResourcesBuildPhase;
			buildActionMask = 2147483647;
			files = (
				162632BF22276B7000CCC815 /* LaunchScreen.storyboard in Resources */,
				162632BC22276B7000CCC815 /* Assets.xcassets in Resources */,
				162632BA22276B6E00CCC815 /* Main.storyboard in Resources */,
			);
			runOnlyForDeploymentPostprocessing = 0;
		};
/* End PBXResourcesBuildPhase section */

/* Begin PBXSourcesBuildPhase section */
		162632AD22276B6E00CCC815 /* Sources */ = {
			isa = PBXSourcesBuildPhase;
			buildActionMask = 2147483647;
			files = (
				162632B722276B6E00CCC815 /* WelcomeVC.swift in Sources */,
				1624FB93222F0C010015B722 /* LeagueVC.swift in Sources */,
				162632B522276B6E00CCC815 /* AppDelegate.swift in Sources */,
				1624FB95222F0C180015B722 /* SkillVC.swift in Sources */,
				16C0467E2230A2BA00D753B0 /* Player.swift in Sources */,
				162632C82227704800CCC815 /* BorderButton.swift in Sources */,
			);
			runOnlyForDeploymentPostprocessing = 0;
		};
/* End PBXSourcesBuildPhase section */

/* Begin PBXVariantGroup section */
		162632B822276B6E00CCC815 /* Main.storyboard */ = {
			isa = PBXVariantGroup;
			children = (
				162632B922276B6E00CCC815 /* Base */,
			);
			name = Main.storyboard;
			sourceTree = "<group>";
		};
		162632BD22276B7000CCC815 /* LaunchScreen.storyboard */ = {
			isa = PBXVariantGroup;
			children = (
				162632BE22276B7000CCC815 /* Base */,
			);
			name = LaunchScreen.storyboard;
			sourceTree = "<group>";
		};
/* End PBXVariantGroup section */

/* Begin XCBuildConfiguration section */
		162632C122276B7000CCC815 /* Debug */ = {
			isa = XCBuildConfiguration;
			buildSettings = {
				ALWAYS_SEARCH_USER_PATHS = NO;
				CLANG_ANALYZER_NONNULL = YES;
				CLANG_ANALYZER_NUMBER_OBJECT_CONVERSION = YES_AGGRESSIVE;
				CLANG_CXX_LANGUAGE_STANDARD = "gnu++14";
				CLANG_CXX_LIBRARY = "libc++";
				CLANG_ENABLE_MODULES = YES;
				CLANG_ENABLE_OBJC_ARC = YES;
				CLANG_ENABLE_OBJC_WEAK = YES;
				CLANG_WARN_BLOCK_CAPTURE_AUTORELEASING = YES;
				CLANG_WARN_BOOL_CONVERSION = YES;
				CLANG_WARN_COMMA = YES;
				CLANG_WARN_CONSTANT_CONVERSION = YES;
				CLANG_WARN_DEPRECATED_OBJC_IMPLEMENTATIONS = YES;
				CLANG_WARN_DIRECT_OBJC_ISA_USAGE = YES_ERROR;
				CLANG_WARN_DOCUMENTATION_COMMENTS = YES;
				CLANG_WARN_EMPTY_BODY = YES;
				CLANG_WARN_ENUM_CONVERSION = YES;
				CLANG_WARN_INFINITE_RECURSION = YES;
				CLANG_WARN_INT_CONVERSION = YES;
				CLANG_WARN_NON_LITERAL_NULL_CONVERSION = YES;
				CLANG_WARN_OBJC_IMPLICIT_RETAIN_SELF = YES;
				CLANG_WARN_OBJC_LITERAL_CONVERSION = YES;
				CLANG_WARN_OBJC_ROOT_CLASS = YES_ERROR;
				CLANG_WARN_RANGE_LOOP_ANALYSIS = YES;
				CLANG_WARN_STRICT_PROTOTYPES = YES;
				CLANG_WARN_SUSPICIOUS_MOVE = YES;
				CLANG_WARN_UNGUARDED_AVAILABILITY = YES_AGGRESSIVE;
				CLANG_WARN_UNREACHABLE_CODE = YES;
				CLANG_WARN__DUPLICATE_METHOD_MATCH = YES;
				CODE_SIGN_IDENTITY = "iPhone Developer";
				COPY_PHASE_STRIP = NO;
				DEBUG_INFORMATION_FORMAT = dwarf;
				ENABLE_STRICT_OBJC_MSGSEND = YES;
				ENABLE_TESTABILITY = YES;
				GCC_C_LANGUAGE_STANDARD = gnu11;
				GCC_DYNAMIC_NO_PIC = NO;
				GCC_NO_COMMON_BLOCKS = YES;
				GCC_OPTIMIZATION_LEVEL = 0;
				GCC_PREPROCESSOR_DEFINITIONS = (
					"DEBUG=1",
					"$(inherited)",
				);
				GCC_WARN_64_TO_32_BIT_CONVERSION = YES;
				GCC_WARN_ABOUT_RETURN_TYPE = YES_ERROR;
				GCC_WARN_UNDECLARED_SELECTOR = YES;
				GCC_WARN_UNINITIALIZED_AUTOS = YES_AGGRESSIVE;
				GCC_WARN_UNUSED_FUNCTION = YES;
				GCC_WARN_UNUSED_VARIABLE = YES;
				IPHONEOS_DEPLOYMENT_TARGET = 11.3;
				MTL_ENABLE_DEBUG_INFO = YES;
				ONLY_ACTIVE_ARCH = YES;
				SDKROOT = iphoneos;
				SWIFT_ACTIVE_COMPILATION_CONDITIONS = DEBUG;
				SWIFT_OPTIMIZATION_LEVEL = "-Onone";
			};
			name = Debug;
		};
		162632C222276B7000CCC815 /* Release */ = {
			isa = XCBuildConfiguration;
			buildSettings = {
				ALWAYS_SEARCH_USER_PATHS = NO;
				CLANG_ANALYZER_NONNULL = YES;
				CLANG_ANALYZER_NUMBER_OBJECT_CONVERSION = YES_AGGRESSIVE;
				CLANG_CXX_LANGUAGE_STANDARD = "gnu++14";
				CLANG_CXX_LIBRARY = "libc++";
				CLANG_ENABLE_MODULES = YES;
				CLANG_ENABLE_OBJC_ARC = YES;
				CLANG_ENABLE_OBJC_WEAK = YES;
				CLANG_WARN_BLOCK_CAPTURE_AUTORELEASING = YES;
				CLANG_WARN_BOOL_CONVERSION = YES;
				CLANG_WARN_COMMA = YES;
				CLANG_WARN_CONSTANT_CONVERSION = YES;
				CLANG_WARN_DEPRECATED_OBJC_IMPLEMENTATIONS = YES;
				CLANG_WARN_DIRECT_OBJC_ISA_USAGE = YES_ERROR;
				CLANG_WARN_DOCUMENTATION_COMMENTS = YES;
				CLANG_WARN_EMPTY_BODY = YES;
				CLANG_WARN_ENUM_CONVERSION = YES;
				CLANG_WARN_INFINITE_RECURSION = YES;
				CLANG_WARN_INT_CONVERSION = YES;
				CLANG_WARN_NON_LITERAL_NULL_CONVERSION = YES;
				CLANG_WARN_OBJC_IMPLICIT_RETAIN_SELF = YES;
				CLANG_WARN_OBJC_LITERAL_CONVERSION = YES;
				CLANG_WARN_OBJC_ROOT_CLASS = YES_ERROR;
				CLANG_WARN_RANGE_LOOP_ANALYSIS = YES;
				CLANG_WARN_STRICT_PROTOTYPES = YES;
				CLANG_WARN_SUSPICIOUS_MOVE = YES;
				CLANG_WARN_UNGUARDED_AVAILABILITY = YES_AGGRESSIVE;
				CLANG_WARN_UNREACHABLE_CODE = YES;
				CLANG_WARN__DUPLICATE_METHOD_MATCH = YES;
				CODE_SIGN_IDENTITY = "iPhone Developer";
				COPY_PHASE_STRIP = NO;
				DEBUG_INFORMATION_FORMAT = "dwarf-with-dsym";
				ENABLE_NS_ASSERTIONS = NO;
				ENABLE_STRICT_OBJC_MSGSEND = YES;
				GCC_C_LANGUAGE_STANDARD = gnu11;
				GCC_NO_COMMON_BLOCKS = YES;
				GCC_WARN_64_TO_32_BIT_CONVERSION = YES;
				GCC_WARN_ABOUT_RETURN_TYPE = YES_ERROR;
				GCC_WARN_UNDECLARED_SELECTOR = YES;
				GCC_WARN_UNINITIALIZED_AUTOS = YES_AGGRESSIVE;
				GCC_WARN_UNUSED_FUNCTION = YES;
				GCC_WARN_UNUSED_VARIABLE = YES;
				IPHONEOS_DEPLOYMENT_TARGET = 11.3;
				MTL_ENABLE_DEBUG_INFO = NO;
				SDKROOT = iphoneos;
				SWIFT_COMPILATION_MODE = wholemodule;
				SWIFT_OPTIMIZATION_LEVEL = "-O";
				VALIDATE_PRODUCT = YES;
			};
			name = Release;
		};
		162632C422276B7000CCC815 /* Debug */ = {
			isa = XCBuildConfiguration;
			buildSettings = {
				ASSETCATALOG_COMPILER_APPICON_NAME = AppIcon;
				CODE_SIGN_STYLE = Automatic;
				INFOPLIST_FILE = "app-swoosh/Info.plist";
				LD_RUNPATH_SEARCH_PATHS = (
					"$(inherited)",
					"@executable_path/Frameworks",
				);
				PRODUCT_BUNDLE_IDENTIFIER = "com.example.app-swoosh";
				PRODUCT_NAME = "$(TARGET_NAME)";
				SWIFT_VERSION = 4.0;
				TARGETED_DEVICE_FAMILY = "1,2";
			};
			name = Debug;
		};
		162632C522276B7000CCC815 /* Release */ = {
			isa = XCBuildConfiguration;
			buildSettings = {
				ASSETCATALOG_COMPILER_APPICON_NAME = AppIcon;
				CODE_SIGN_STYLE = Automatic;
				INFOPLIST_FILE = "app-swoosh/Info.plist";
				LD_RUNPATH_SEARCH_PATHS = (
					"$(inherited)",
					"@executable_path/Frameworks",
				);
				PRODUCT_BUNDLE_IDENTIFIER = "com.example.app-swoosh";
				PRODUCT_NAME = "$(TARGET_NAME)";
				SWIFT_VERSION = 4.0;
				TARGETED_DEVICE_FAMILY = "1,2";
			};
			name = Release;
		};
/* End XCBuildConfiguration section */

/* Begin XCConfigurationList section */
		162632AC22276B6E00CCC815 /* Build configuration list for PBXProject "app-swoosh" */ = {
			isa = XCConfigurationList;
			buildConfigurations = (
				162632C122276B7000CCC815 /* Debug */,
				162632C222276B7000CCC815 /* Release */,
			);
			defaultConfigurationIsVisible = 0;
			defaultConfigurationName = Release;
		};
		162632C322276B7000CCC815 /* Build configuration list for PBXNativeTarget "app-swoosh" */ = {
			isa = XCConfigurationList;
			buildConfigurations = (
				162632C422276B7000CCC815 /* Debug */,
				162632C522276B7000CCC815 /* Release */,
			);
			defaultConfigurationIsVisible = 0;
			defaultConfigurationName = Release;
		};
/* End XCConfigurationList section */
	};
	rootObject = 162632A922276B6E00CCC815 /* Project object */;
}
